
Microsoft Visual Studio Solution File, Format Version 12.00
# Visual Studio 15
VisualStudioVersion = 15.0.27130.2020
MinimumVisualStudioVersion = 10.0.40219.1
Project("{FAE04EC0-301F-11D3-BF4B-00C04F79EFBC}") = "FLOPX Format", "FLOPX Format\FLOPX Format.csproj", "{8ECBB6B1-0055-49D5-A32A-AB860AA9008B}"
EndProject
Project("{FAE04EC0-301F-11D3-BF4B-00C04F79EFBC}") = "FloppyTools", "FloppyTools\FloppyTools.csproj", "{C122FCCC-6AF1-42AD-9939-DC9D99A5119B}"
EndProject
Global
	GlobalSection(SolutionConfigurationPlatforms) = preSolution
		Debug|Any CPU = Debug|Any CPU
		Release|Any CPU = Release|Any CPU
	EndGlobalSection
	GlobalSection(ProjectConfigurationPlatforms) = postSolution
		{8ECBB6B1-0055-49D5-A32A-AB860AA9008B}.Debug|Any CPU.ActiveCfg = Debug|Any CPU
		{8ECBB6B1-0055-49D5-A32A-AB860AA9008B}.Debug|Any CPU.Build.0 = Debug|Any CPU
		{8ECBB6B1-0055-49D5-A32A-AB860AA9008B}.Release|Any CPU.ActiveCfg = Release|Any CPU
		{8ECBB6B1-0055-49D5-A32A-AB860AA9008B}.Release|Any CPU.Build.0 = Release|Any CPU
		{C122FCCC-6AF1-42AD-9939-DC9D99A5119B}.Debug|Any CPU.ActiveCfg = Debug|Any CPU
		{C122FCCC-6AF1-42AD-9939-DC9D99A5119B}.Debug|Any CPU.Build.0 = Debug|Any CPU
		{C122FCCC-6AF1-42AD-9939-DC9D99A5119B}.Release|Any CPU.ActiveCfg = Release|Any CPU
		{C122FCCC-6AF1-42AD-9939-DC9D99A5119B}.Release|Any CPU.Build.0 = Release|Any CPU
	EndGlobalSection
	GlobalSection(SolutionProperties) = preSolution
		HideSolutionNode = FALSE
	EndGlobalSection
	GlobalSection(ExtensibilityGlobals) = postSolution
		SolutionGuid = {85474830-9D99-4A90-8F16-0516D158DE7B}
	EndGlobalSection
EndGlobal
